// !$*UTF8*$!
{
	archiveVersion = 1;
	classes = {
	};
	objectVersion = 50;
	objects = {

/* Begin PBXBuildFile section */
		F7C5D4F026D3389200A6C82D /* AppDelegate.swift in Sources */ = {isa = PBXBuildFile; fileRef = F7C5D4EF26D3389200A6C82D /* AppDelegate.swift */; };
		F7C5D4F226D3389200A6C82D /* SceneDelegate.swift in Sources */ = {isa = PBXBuildFile; fileRef = F7C5D4F126D3389200A6C82D /* SceneDelegate.swift */; };
		F7C5D4F426D3389200A6C82D /* ViewController.swift in Sources */ = {isa = PBXBuildFile; fileRef = F7C5D4F326D3389200A6C82D /* ViewController.swift */; };
		F7C5D4F726D3389200A6C82D /* Main.storyboard in Resources */ = {isa = PBXBuildFile; fileRef = F7C5D4F526D3389200A6C82D /* Main.storyboard */; };
		F7C5D4F926D3389300A6C82D /* Assets.xcassets in Resources */ = {isa = PBXBuildFile; fileRef = F7C5D4F826D3389300A6C82D /* Assets.xcassets */; };
		F7C5D4FC26D3389300A6C82D /* LaunchScreen.storyboard in Resources */ = {isa = PBXBuildFile; fileRef = F7C5D4FA26D3389300A6C82D /* LaunchScreen.storyboard */; };
		F7C5D50726D3389300A6C82D /* HelloWorldBrianVTests.swift in Sources */ = {isa = PBXBuildFile; fileRef = F7C5D50626D3389300A6C82D /* HelloWorldBrianVTests.swift */; };
		F7C5D51226D3389300A6C82D /* HelloWorldBrianVUITests.swift in Sources */ = {isa = PBXBuildFile; fileRef = F7C5D51126D3389300A6C82D /* HelloWorldBrianVUITests.swift */; };
/* End PBXBuildFile section */

/* Begin PBXContainerItemProxy section */
		F7C5D50326D3389300A6C82D /* PBXContainerItemProxy */ = {
			isa = PBXContainerItemProxy;
			containerPortal = F7C5D4E426D3389200A6C82D /* Project object */;
			proxyType = 1;
			remoteGlobalIDString = F7C5D4EB26D3389200A6C82D;
			remoteInfo = HelloWorldBrianV;
		};
		F7C5D50E26D3389300A6C82D /* PBXContainerItemProxy */ = {
			isa = PBXContainerItemProxy;
			containerPortal = F7C5D4E426D3389200A6C82D /* Project object */;
			proxyType = 1;
			remoteGlobalIDString = F7C5D4EB26D3389200A6C82D;
			remoteInfo = HelloWorldBrianV;
		};
/* End PBXContainerItemProxy section */

/* Begin PBXFileReference section */
		F7C5D4EC26D3389200A6C82D /* HelloWorldBrianV.app */ = {isa = PBXFileReference; explicitFileType = wrapper.application; includeInIndex = 0; path = HelloWorldBrianV.app; sourceTree = BUILT_PRODUCTS_DIR; };
		F7C5D4EF26D3389200A6C82D /* AppDelegate.swift */ = {isa = PBXFileReference; lastKnownFileType = sourcecode.swift; path = AppDelegate.swift; sourceTree = "<group>"; };
		F7C5D4F126D3389200A6C82D /* SceneDelegate.swift */ = {isa = PBXFileReference; lastKnownFileType = sourcecode.swift; path = SceneDelegate.swift; sourceTree = "<group>"; };
		F7C5D4F326D3389200A6C82D /* ViewController.swift */ = {isa = PBXFileReference; lastKnownFileType = sourcecode.swift; path = ViewController.swift; sourceTree = "<group>"; };
		F7C5D4F626D3389200A6C82D /* Base */ = {isa = PBXFileReference; lastKnownFileType = file.storyboard; name = Base; path = Base.lproj/Main.storyboard; sourceTree = "<group>"; };
		F7C5D4F826D3389300A6C82D /* Assets.xcassets */ = {isa = PBXFileReference; lastKnownFileType = folder.assetcatalog; path = Assets.xcassets; sourceTree = "<group>"; };
		F7C5D4FB26D3389300A6C82D /* Base */ = {isa = PBXFileReference; lastKnownFileType = file.storyboard; name = Base; path = Base.lproj/LaunchScreen.storyboard; sourceTree = "<group>"; };
		F7C5D4FD26D3389300A6C82D /* Info.plist */ = {isa = PBXFileReference; lastKnownFileType = text.plist.xml; path = Info.plist; sourceTree = "<group>"; };
		F7C5D50226D3389300A6C82D /* HelloWorldBrianVTests.xctest */ = {isa = PBXFileReference; explicitFileType = wrapper.cfbundle; includeInIndex = 0; path = HelloWorldBrianVTests.xctest; sourceTree = BUILT_PRODUCTS_DIR; };
		F7C5D50626D3389300A6C82D /* HelloWorldBrianVTests.swift */ = {isa = PBXFileReference; lastKnownFileType = sourcecode.swift; path = HelloWorldBrianVTests.swift; sourceTree = "<group>"; };
		F7C5D50826D3389300A6C82D /* Info.plist */ = {isa = PBXFileReference; lastKnownFileType = text.plist.xml; path = Info.plist; sourceTree = "<group>"; };
		F7C5D50D26D3389300A6C82D /* HelloWorldBrianVUITests.xctest */ = {isa = PBXFileReference; explicitFileType = wrapper.cfbundle; includeInIndex = 0; path = HelloWorldBrianVUITests.xctest; sourceTree = BUILT_PRODUCTS_DIR; };
		F7C5D51126D3389300A6C82D /* HelloWorldBrianVUITests.swift */ = {isa = PBXFileReference; lastKnownFileType = sourcecode.swift; path = HelloWorldBrianVUITests.swift; sourceTree = "<group>"; };
		F7C5D51326D3389300A6C82D /* Info.plist */ = {isa = PBXFileReference; lastKnownFileType = text.plist.xml; path = Info.plist; sourceTree = "<group>"; };
/* End PBXFileReference section */

/* Begin PBXFrameworksBuildPhase section */
		F7C5D4E926D3389200A6C82D /* Frameworks */ = {
			isa = PBXFrameworksBuildPhase;
			buildActionMask = 2147483647;
			files = (
			);
			runOnlyForDeploymentPostprocessing = 0;
		};
		F7C5D4FF26D3389300A6C82D /* Frameworks */ = {
			isa = PBXFrameworksBuildPhase;
			buildActionMask = 2147483647;
			files = (
			);
			runOnlyForDeploymentPostprocessing = 0;
		};
		F7C5D50A26D3389300A6C82D /* Frameworks */ = {
			isa = PBXFrameworksBuildPhase;
			buildActionMask = 2147483647;
			files = (
			);
			runOnlyForDeploymentPostprocessing = 0;
		};
/* End PBXFrameworksBuildPhase section */

/* Begin PBXGroup section */
		F7C5D4E326D3389200A6C82D = {
			isa = PBXGroup;
			children = (
				F7C5D4EE26D3389200A6C82D /* HelloWorldBrianV */,
				F7C5D50526D3389300A6C82D /* HelloWorldBrianVTests */,
				F7C5D51026D3389300A6C82D /* HelloWorldBrianVUITests */,
				F7C5D4ED26D3389200A6C82D /* Products */,
			);
			sourceTree = "<group>";
		};
		F7C5D4ED26D3389200A6C82D /* Products */ = {
			isa = PBXGroup;
			children = (
				F7C5D4EC26D3389200A6C82D /* HelloWorldBrianV.app */,
				F7C5D50226D3389300A6C82D /* HelloWorldBrianVTests.xctest */,
				F7C5D50D26D3389300A6C82D /* HelloWorldBrianVUITests.xctest */,
			);
			name = Products;
			sourceTree = "<group>";
		};
		F7C5D4EE26D3389200A6C82D /* HelloWorldBrianV */ = {
			isa = PBXGroup;
			children = (
				F7C5D4EF26D3389200A6C82D /* AppDelegate.swift */,
				F7C5D4F126D3389200A6C82D /* SceneDelegate.swift */,
				F7C5D4F326D3389200A6C82D /* ViewController.swift */,
				F7C5D4F526D3389200A6C82D /* Main.storyboard */,
				F7C5D4F826D3389300A6C82D /* Assets.xcassets */,
				F7C5D4FA26D3389300A6C82D /* LaunchScreen.storyboard */,
				F7C5D4FD26D3389300A6C82D /* Info.plist */,
			);
			path = HelloWorldBrianV;
			sourceTree = "<group>";
		};
		F7C5D50526D3389300A6C82D /* HelloWorldBrianVTests */ = {
			isa = PBXGroup;
			children = (
				F7C5D50626D3389300A6C82D /* HelloWorldBrianVTests.swift */,
				F7C5D50826D3389300A6C82D /* Info.plist */,
			);
			path = HelloWorldBrianVTests;
			sourceTree = "<group>";
		};
		F7C5D51026D3389300A6C82D /* HelloWorldBrianVUITests */ = {
			isa = PBXGroup;
			children = (
				F7C5D51126D3389300A6C82D /* HelloWorldBrianVUITests.swift */,
				F7C5D51326D3389300A6C82D /* Info.plist */,
			);
			path = HelloWorldBrianVUITests;
			sourceTree = "<group>";
		};
/* End PBXGroup section */

/* Begin PBXNativeTarget section */
		F7C5D4EB26D3389200A6C82D /* HelloWorldBrianV */ = {
			isa = PBXNativeTarget;
			buildConfigurationList = F7C5D51626D3389300A6C82D /* Build configuration list for PBXNativeTarget "HelloWorldBrianV" */;
			buildPhases = (
				F7C5D4E826D3389200A6C82D /* Sources */,
				F7C5D4E926D3389200A6C82D /* Frameworks */,
				F7C5D4EA26D3389200A6C82D /* Resources */,
			);
			buildRules = (
			);
			dependencies = (
			);
			name = HelloWorldBrianV;
			productName = HelloWorldBrianV;
			productReference = F7C5D4EC26D3389200A6C82D /* HelloWorldBrianV.app */;
			productType = "com.apple.product-type.application";
		};
		F7C5D50126D3389300A6C82D /* HelloWorldBrianVTests */ = {
			isa = PBXNativeTarget;
			buildConfigurationList = F7C5D51926D3389300A6C82D /* Build configuration list for PBXNativeTarget "HelloWorldBrianVTests" */;
			buildPhases = (
				F7C5D4FE26D3389300A6C82D /* Sources */,
				F7C5D4FF26D3389300A6C82D /* Frameworks */,
				F7C5D50026D3389300A6C82D /* Resources */,
			);
			buildRules = (
			);
			dependencies = (
				F7C5D50426D3389300A6C82D /* PBXTargetDependency */,
			);
			name = HelloWorldBrianVTests;
			productName = HelloWorldBrianVTests;
			productReference = F7C5D50226D3389300A6C82D /* HelloWorldBrianVTests.xctest */;
			productType = "com.apple.product-type.bundle.unit-test";
		};
		F7C5D50C26D3389300A6C82D /* HelloWorldBrianVUITests */ = {
			isa = PBXNativeTarget;
			buildConfigurationList = F7C5D51C26D3389300A6C82D /* Build configuration list for PBXNativeTarget "HelloWorldBrianVUITests" */;
			buildPhases = (
				F7C5D50926D3389300A6C82D /* Sources */,
				F7C5D50A26D3389300A6C82D /* Frameworks */,
				F7C5D50B26D3389300A6C82D /* Resources */,
			);
			buildRules = (
			);
			dependencies = (
				F7C5D50F26D3389300A6C82D /* PBXTargetDependency */,
			);
			name = HelloWorldBrianVUITests;
			productName = HelloWorldBrianVUITests;
			productReference = F7C5D50D26D3389300A6C82D /* HelloWorldBrianVUITests.xctest */;
			productType = "com.apple.product-type.bundle.ui-testing";
		};
/* End PBXNativeTarget section */

/* Begin PBXProject section */
		F7C5D4E426D3389200A6C82D /* Project object */ = {
			isa = PBXProject;
			attributes = {
				LastSwiftUpdateCheck = 1240;
				LastUpgradeCheck = 1240;
				TargetAttributes = {
					F7C5D4EB26D3389200A6C82D = {
						CreatedOnToolsVersion = 12.4;
					};
					F7C5D50126D3389300A6C82D = {
						CreatedOnToolsVersion = 12.4;
						TestTargetID = F7C5D4EB26D3389200A6C82D;
					};
					F7C5D50C26D3389300A6C82D = {
						CreatedOnToolsVersion = 12.4;
						TestTargetID = F7C5D4EB26D3389200A6C82D;
					};
				};
			};
			buildConfigurationList = F7C5D4E726D3389200A6C82D /* Build configuration list for PBXProject "HelloWorldBrianV" */;
			compatibilityVersion = "Xcode 9.3";
			developmentRegion = en;
			hasScannedForEncodings = 0;
			knownRegions = (
				en,
				Base,
			);
			mainGroup = F7C5D4E326D3389200A6C82D;
			productRefGroup = F7C5D4ED26D3389200A6C82D /* Products */;
			projectDirPath = "";
			projectRoot = "";
			targets = (
				F7C5D4EB26D3389200A6C82D /* HelloWorldBrianV */,
				F7C5D50126D3389300A6C82D /* HelloWorldBrianVTests */,
				F7C5D50C26D3389300A6C82D /* HelloWorldBrianVUITests */,
			);
		};
/* End PBXProject section */

/* Begin PBXResourcesBuildPhase section */
		F7C5D4EA26D3389200A6C82D /* Resources */ = {
			isa = PBXResourcesBuildPhase;
			buildActionMask = 2147483647;
			files = (
				F7C5D4FC26D3389300A6C82D /* LaunchScreen.storyboard in Resources */,
				F7C5D4F926D3389300A6C82D /* Assets.xcassets in Resources */,
				F7C5D4F726D3389200A6C82D /* Main.storyboard in Resources */,
			);
			runOnlyForDeploymentPostprocessing = 0;
		};
		F7C5D50026D3389300A6C82D /* Resources */ = {
			isa = PBXResourcesBuildPhase;
			buildActionMask = 2147483647;
			files = (
			);
			runOnlyForDeploymentPostprocessing = 0;
		};
		F7C5D50B26D3389300A6C82D /* Resources */ = {
			isa = PBXResourcesBuildPhase;
			buildActionMask = 2147483647;
			files = (
			);
			runOnlyForDeploymentPostprocessing = 0;
		};
/* End PBXResourcesBuildPhase section */

/* Begin PBXSourcesBuildPhase section */
		F7C5D4E826D3389200A6C82D /* Sources */ = {
			isa = PBXSourcesBuildPhase;
			buildActionMask = 2147483647;
			files = (
				F7C5D4F426D3389200A6C82D /* ViewController.swift in Sources */,
				F7C5D4F026D3389200A6C82D /* AppDelegate.swift in Sources */,
				F7C5D4F226D3389200A6C82D /* SceneDelegate.swift in Sources */,
			);
			runOnlyForDeploymentPostprocessing = 0;
		};
		F7C5D4FE26D3389300A6C82D /* Sources */ = {
			isa = PBXSourcesBuildPhase;
			buildActionMask = 2147483647;
			files = (
				F7C5D50726D3389300A6C82D /* HelloWorldBrianVTests.swift in Sources */,
			);
			runOnlyForDeploymentPostprocessing = 0;
		};
		F7C5D50926D3389300A6C82D /* Sources */ = {
			isa = PBXSourcesBuildPhase;
			buildActionMask = 2147483647;
			files = (
				F7C5D51226D3389300A6C82D /* HelloWorldBrianVUITests.swift in Sources */,
			);
			runOnlyForDeploymentPostprocessing = 0;
		};
/* End PBXSourcesBuildPhase section */

/* Begin PBXTargetDependency section */
		F7C5D50426D3389300A6C82D /* PBXTargetDependency */ = {
			isa = PBXTargetDependency;
			target = F7C5D4EB26D3389200A6C82D /* HelloWorldBrianV */;
			targetProxy = F7C5D50326D3389300A6C82D /* PBXContainerItemProxy */;
		};
		F7C5D50F26D3389300A6C82D /* PBXTargetDependency */ = {
			isa = PBXTargetDependency;
			target = F7C5D4EB26D3389200A6C82D /* HelloWorldBrianV */;
			targetProxy = F7C5D50E26D3389300A6C82D /* PBXContainerItemProxy */;
		};
/* End PBXTargetDependency section */

/* Begin PBXVariantGroup section */
		F7C5D4F526D3389200A6C82D /* Main.storyboard */ = {
			isa = PBXVariantGroup;
			children = (
				F7C5D4F626D3389200A6C82D /* Base */,
			);
			name = Main.storyboard;
			sourceTree = "<group>";
		};
		F7C5D4FA26D3389300A6C82D /* LaunchScreen.storyboard */ = {
			isa = PBXVariantGroup;
			children = (
				F7C5D4FB26D3389300A6C82D /* Base */,
			);
			name = LaunchScreen.storyboard;
			sourceTree = "<group>";
		};
/* End PBXVariantGroup section */

/* Begin XCBuildConfiguration section */
		F7C5D51426D3389300A6C82D /* Debug */ = {
			isa = XCBuildConfiguration;
			buildSettings = {
				ALWAYS_SEARCH_USER_PATHS = NO;
				CLANG_ANALYZER_NONNULL = YES;
				CLANG_ANALYZER_NUMBER_OBJECT_CONVERSION = YES_AGGRESSIVE;
				CLANG_CXX_LANGUAGE_STANDARD = "gnu++14";
				CLANG_CXX_LIBRARY = "libc++";
				CLANG_ENABLE_MODULES = YES;
				CLANG_ENABLE_OBJC_ARC = YES;
				CLANG_ENABLE_OBJC_WEAK = YES;
				CLANG_WARN_BLOCK_CAPTURE_AUTORELEASING = YES;
				CLANG_WARN_BOOL_CONVERSION = YES;
				CLANG_WARN_COMMA = YES;
				CLANG_WARN_CONSTANT_CONVERSION = YES;
				CLANG_WARN_DEPRECATED_OBJC_IMPLEMENTATIONS = YES;
				CLANG_WARN_DIRECT_OBJC_ISA_USAGE = YES_ERROR;
				CLANG_WARN_DOCUMENTATION_COMMENTS = YES;
				CLANG_WARN_EMPTY_BODY = YES;
				CLANG_WARN_ENUM_CONVERSION = YES;
				CLANG_WARN_INFINITE_RECURSION = YES;
				CLANG_WARN_INT_CONVERSION = YES;
				CLANG_WARN_NON_LITERAL_NULL_CONVERSION = YES;
				CLANG_WARN_OBJC_IMPLICIT_RETAIN_SELF = YES;
				CLANG_WARN_OBJC_LITERAL_CONVERSION = YES;
				CLANG_WARN_OBJC_ROOT_CLASS = YES_ERROR;
				CLANG_WARN_QUOTED_INCLUDE_IN_FRAMEWORK_HEADER = YES;
				CLANG_WARN_RANGE_LOOP_ANALYSIS = YES;
				CLANG_WARN_STRICT_PROTOTYPES = YES;
				CLANG_WARN_SUSPICIOUS_MOVE = YES;
				CLANG_WARN_UNGUARDED_AVAILABILITY = YES_AGGRESSIVE;
				CLANG_WARN_UNREACHABLE_CODE = YES;
				CLANG_WARN__DUPLICATE_METHOD_MATCH = YES;
				COPY_PHASE_STRIP = NO;
				DEBUG_INFORMATION_FORMAT = dwarf;
				ENABLE_STRICT_OBJC_MSGSEND = YES;
				ENABLE_TESTABILITY = YES;
				GCC_C_LANGUAGE_STANDARD = gnu11;
				GCC_DYNAMIC_NO_PIC = NO;
				GCC_NO_COMMON_BLOCKS = YES;
				GCC_OPTIMIZATION_LEVEL = 0;
				GCC_PREPROCESSOR_DEFINITIONS = (
					"DEBUG=1",
					"$(inherited)",
				);
				GCC_WARN_64_TO_32_BIT_CONVERSION = YES;
				GCC_WARN_ABOUT_RETURN_TYPE = YES_ERROR;
				GCC_WARN_UNDECLARED_SELECTOR = YES;
				GCC_WARN_UNINITIALIZED_AUTOS = YES_AGGRESSIVE;
				GCC_WARN_UNUSED_FUNCTION = YES;
				GCC_WARN_UNUSED_VARIABLE = YES;
				IPHONEOS_DEPLOYMENT_TARGET = 14.4;
				MTL_ENABLE_DEBUG_INFO = INCLUDE_SOURCE;
				MTL_FAST_MATH = YES;
				ONLY_ACTIVE_ARCH = YES;
				SDKROOT = iphoneos;
				SWIFT_ACTIVE_COMPILATION_CONDITIONS = DEBUG;
				SWIFT_OPTIMIZATION_LEVEL = "-Onone";
			};
			name = Debug;
		};
		F7C5D51526D3389300A6C82D /* Release */ = {
			isa = XCBuildConfiguration;
			buildSettings = {
				ALWAYS_SEARCH_USER_PATHS = NO;
				CLANG_ANALYZER_NONNULL = YES;
				CLANG_ANALYZER_NUMBER_OBJECT_CONVERSION = YES_AGGRESSIVE;
				CLANG_CXX_LANGUAGE_STANDARD = "gnu++14";
				CLANG_CXX_LIBRARY = "libc++";
				CLANG_ENABLE_MODULES = YES;
				CLANG_ENABLE_OBJC_ARC = YES;
				CLANG_ENABLE_OBJC_WEAK = YES;
				CLANG_WARN_BLOCK_CAPTURE_AUTORELEASING = YES;
				CLANG_WARN_BOOL_CONVERSION = YES;
				CLANG_WARN_COMMA = YES;
				CLANG_WARN_CONSTANT_CONVERSION = YES;
				CLANG_WARN_DEPRECATED_OBJC_IMPLEMENTATIONS = YES;
				CLANG_WARN_DIRECT_OBJC_ISA_USAGE = YES_ERROR;
				CLANG_WARN_DOCUMENTATION_COMMENTS = YES;
				CLANG_WARN_EMPTY_BODY = YES;
				CLANG_WARN_ENUM_CONVERSION = YES;
				CLANG_WARN_INFINITE_RECURSION = YES;
				CLANG_WARN_INT_CONVERSION = YES;
				CLANG_WARN_NON_LITERAL_NULL_CONVERSION = YES;
				CLANG_WARN_OBJC_IMPLICIT_RETAIN_SELF = YES;
				CLANG_WARN_OBJC_LITERAL_CONVERSION = YES;
				CLANG_WARN_OBJC_ROOT_CLASS = YES_ERROR;
				CLANG_WARN_QUOTED_INCLUDE_IN_FRAMEWORK_HEADER = YES;
				CLANG_WARN_RANGE_LOOP_ANALYSIS = YES;
				CLANG_WARN_STRICT_PROTOTYPES = YES;
				CLANG_WARN_SUSPICIOUS_MOVE = YES;
				CLANG_WARN_UNGUARDED_AVAILABILITY = YES_AGGRESSIVE;
				CLANG_WARN_UNREACHABLE_CODE = YES;
				CLANG_WARN__DUPLICATE_METHOD_MATCH = YES;
				COPY_PHASE_STRIP = NO;
				DEBUG_INFORMATION_FORMAT = "dwarf-with-dsym";
				ENABLE_NS_ASSERTIONS = NO;
				ENABLE_STRICT_OBJC_MSGSEND = YES;
				GCC_C_LANGUAGE_STANDARD = gnu11;
				GCC_NO_COMMON_BLOCKS = YES;
				GCC_WARN_64_TO_32_BIT_CONVERSION = YES;
				GCC_WARN_ABOUT_RETURN_TYPE = YES_ERROR;
				GCC_WARN_UNDECLARED_SELECTOR = YES;
				GCC_WARN_UNINITIALIZED_AUTOS = YES_AGGRESSIVE;
				GCC_WARN_UNUSED_FUNCTION = YES;
				GCC_WARN_UNUSED_VARIABLE = YES;
				IPHONEOS_DEPLOYMENT_TARGET = 14.4;
				MTL_ENABLE_DEBUG_INFO = NO;
				MTL_FAST_MATH = YES;
				SDKROOT = iphoneos;
				SWIFT_COMPILATION_MODE = wholemodule;
				SWIFT_OPTIMIZATION_LEVEL = "-O";
				VALIDATE_PRODUCT = YES;
			};
			name = Release;
		};
		F7C5D51726D3389300A6C82D /* Debug */ = {
			isa = XCBuildConfiguration;
			buildSettings = {
				ASSETCATALOG_COMPILER_APPICON_NAME = AppIcon;
				ASSETCATALOG_COMPILER_GLOBAL_ACCENT_COLOR_NAME = AccentColor;
				CODE_SIGN_STYLE = Automatic;
				DEVELOPMENT_TEAM = SG7HHALT8U;
				INFOPLIST_FILE = HelloWorldBrianV/Info.plist;
				LD_RUNPATH_SEARCH_PATHS = (
					"$(inherited)",
					"@executable_path/Frameworks",
				);
				PRODUCT_BUNDLE_IDENTIFIER = "Brian-Veitch.HelloWorldBrianV";
				PRODUCT_NAME = "$(TARGET_NAME)";
				SWIFT_VERSION = 5.0;
				TARGETED_DEVICE_FAMILY = "1,2";
			};
			name = Debug;
		};
		F7C5D51826D3389300A6C82D /* Release */ = {
			isa = XCBuildConfiguration;
			buildSettings = {
				ASSETCATALOG_COMPILER_APPICON_NAME = AppIcon;
				ASSETCATALOG_COMPILER_GLOBAL_ACCENT_COLOR_NAME = AccentColor;
				CODE_SIGN_STYLE = Automatic;
				DEVELOPMENT_TEAM = SG7HHALT8U;
				INFOPLIST_FILE = HelloWorldBrianV/Info.plist;
				LD_RUNPATH_SEARCH_PATHS = (
					"$(inherited)",
					"@executable_path/Frameworks",
				);
				PRODUCT_BUNDLE_IDENTIFIER = "Brian-Veitch.HelloWorldBrianV";
				PRODUCT_NAME = "$(TARGET_NAME)";
				SWIFT_VERSION = 5.0;
				TARGETED_DEVICE_FAMILY = "1,2";
			};
			name = Release;
		};
		F7C5D51A26D3389300A6C82D /* Debug */ = {
			isa = XCBuildConfiguration;
			buildSettings = {
				ALWAYS_EMBED_SWIFT_STANDARD_LIBRARIES = YES;
				BUNDLE_LOADER = "$(TEST_HOST)";
				CODE_SIGN_STYLE = Automatic;
				DEVELOPMENT_TEAM = SG7HHALT8U;
				INFOPLIST_FILE = HelloWorldBrianVTests/Info.plist;
				IPHONEOS_DEPLOYMENT_TARGET = 14.4;
				LD_RUNPATH_SEARCH_PATHS = (
					"$(inherited)",
					"@executable_path/Frameworks",
					"@loader_path/Frameworks",
				);
				PRODUCT_BUNDLE_IDENTIFIER = "Brian-Veitch.HelloWorldBrianVTests";
				PRODUCT_NAME = "$(TARGET_NAME)";
				SWIFT_VERSION = 5.0;
				TARGETED_DEVICE_FAMILY = "1,2";
				TEST_HOST = "$(BUILT_PRODUCTS_DIR)/HelloWorldBrianV.app/HelloWorldBrianV";
			};
			name = Debug;
		};
		F7C5D51B26D3389300A6C82D /* Release */ = {
			isa = XCBuildConfiguration;
			buildSettings = {
				ALWAYS_EMBED_SWIFT_STANDARD_LIBRARIES = YES;
				BUNDLE_LOADER = "$(TEST_HOST)";
				CODE_SIGN_STYLE = Automatic;
				DEVELOPMENT_TEAM = SG7HHALT8U;
				INFOPLIST_FILE = HelloWorldBrianVTests/Info.plist;
				IPHONEOS_DEPLOYMENT_TARGET = 14.4;
				LD_RUNPATH_SEARCH_PATHS = (
					"$(inherited)",
					"@executable_path/Frameworks",
					"@loader_path/Frameworks",
				);
				PRODUCT_BUNDLE_IDENTIFIER = "Brian-Veitch.HelloWorldBrianVTests";
				PRODUCT_NAME = "$(TARGET_NAME)";
				SWIFT_VERSION = 5.0;
				TARGETED_DEVICE_FAMILY = "1,2";
				TEST_HOST = "$(BUILT_PRODUCTS_DIR)/HelloWorldBrianV.app/HelloWorldBrianV";
			};
			name = Release;
		};
		F7C5D51D26D3389300A6C82D /* Debug */ = {
			isa = XCBuildConfiguration;
			buildSettings = {
				ALWAYS_EMBED_SWIFT_STANDARD_LIBRARIES = YES;
				CODE_SIGN_STYLE = Automatic;
				DEVELOPMENT_TEAM = SG7HHALT8U;
				INFOPLIST_FILE = HelloWorldBrianVUITests/Info.plist;
				LD_RUNPATH_SEARCH_PATHS = (
					"$(inherited)",
					"@executable_path/Frameworks",
					"@loader_path/Frameworks",
				);
				PRODUCT_BUNDLE_IDENTIFIER = "Brian-Veitch.HelloWorldBrianVUITests";
				PRODUCT_NAME = "$(TARGET_NAME)";
				SWIFT_VERSION = 5.0;
				TARGETED_DEVICE_FAMILY = "1,2";
				TEST_TARGET_NAME = HelloWorldBrianV;
			};
			name = Debug;
		};
		F7C5D51E26D3389300A6C82D /* Release */ = {
			isa = XCBuildConfiguration;
			buildSettings = {
				ALWAYS_EMBED_SWIFT_STANDARD_LIBRARIES = YES;
				CODE_SIGN_STYLE = Automatic;
				DEVELOPMENT_TEAM = SG7HHALT8U;
				INFOPLIST_FILE = HelloWorldBrianVUITests/Info.plist;
				LD_RUNPATH_SEARCH_PATHS = (
					"$(inherited)",
					"@executable_path/Frameworks",
					"@loader_path/Frameworks",
				);
				PRODUCT_BUNDLE_IDENTIFIER = "Brian-Veitch.HelloWorldBrianVUITests";
				PRODUCT_NAME = "$(TARGET_NAME)";
				SWIFT_VERSION = 5.0;
				TARGETED_DEVICE_FAMILY = "1,2";
				TEST_TARGET_NAME = HelloWorldBrianV;
			};
			name = Release;
		};
/* End XCBuildConfiguration section */

/* Begin XCConfigurationList section */
		F7C5D4E726D3389200A6C82D /* Build configuration list for PBXProject "HelloWorldBrianV" */ = {
			isa = XCConfigurationList;
			buildConfigurations = (
				F7C5D51426D3389300A6C82D /* Debug */,
				F7C5D51526D3389300A6C82D /* Release */,
			);
			defaultConfigurationIsVisible = 0;
			defaultConfigurationName = Release;
		};
		F7C5D51626D3389300A6C82D /* Build configuration list for PBXNativeTarget "HelloWorldBrianV" */ = {
			isa = XCConfigurationList;
			buildConfigurations = (
				F7C5D51726D3389300A6C82D /* Debug */,
				F7C5D51826D3389300A6C82D /* Release */,
			);
			defaultConfigurationIsVisible = 0;
			defaultConfigurationName = Release;
		};
		F7C5D51926D3389300A6C82D /* Build configuration list for PBXNativeTarget "HelloWorldBrianVTests" */ = {
			isa = XCConfigurationList;
			buildConfigurations = (
				F7C5D51A26D3389300A6C82D /* Debug */,
				F7C5D51B26D3389300A6C82D /* Release */,
			);
			defaultConfigurationIsVisible = 0;
			defaultConfigurationName = Release;
		};
		F7C5D51C26D3389300A6C82D /* Build configuration list for PBXNativeTarget "HelloWorldBrianVUITests" */ = {
			isa = XCConfigurationList;
			buildConfigurations = (
				F7C5D51D26D3389300A6C82D /* Debug */,
				F7C5D51E26D3389300A6C82D /* Release */,
			);
			defaultConfigurationIsVisible = 0;
			defaultConfigurationName = Release;
		};
/* End XCConfigurationList section */
	};
	rootObject = F7C5D4E426D3389200A6C82D /* Project object */;
}
