// !$*UTF8*$!
{
	archiveVersion = 1;
	classes = {
	};
	objectVersion = 50;
	objects = {

/* Begin PBXBuildFile section */
		F7D2784826D539DD00C0E7DB /* AppDelegate.swift in Sources */ = {isa = PBXBuildFile; fileRef = F7D2784726D539DD00C0E7DB /* AppDelegate.swift */; };
		F7D2784A26D539DD00C0E7DB /* SceneDelegate.swift in Sources */ = {isa = PBXBuildFile; fileRef = F7D2784926D539DD00C0E7DB /* SceneDelegate.swift */; };
		F7D2784C26D539DD00C0E7DB /* ViewController.swift in Sources */ = {isa = PBXBuildFile; fileRef = F7D2784B26D539DD00C0E7DB /* ViewController.swift */; };
		F7D2784F26D539DD00C0E7DB /* Main.storyboard in Resources */ = {isa = PBXBuildFile; fileRef = F7D2784D26D539DD00C0E7DB /* Main.storyboard */; };
		F7D2785126D539DE00C0E7DB /* Assets.xcassets in Resources */ = {isa = PBXBuildFile; fileRef = F7D2785026D539DE00C0E7DB /* Assets.xcassets */; };
		F7D2785426D539DE00C0E7DB /* LaunchScreen.storyboard in Resources */ = {isa = PBXBuildFile; fileRef = F7D2785226D539DE00C0E7DB /* LaunchScreen.storyboard */; };
		F7D2785F26D539DE00C0E7DB /* ILostMyPhoneBrianVTests.swift in Sources */ = {isa = PBXBuildFile; fileRef = F7D2785E26D539DE00C0E7DB /* ILostMyPhoneBrianVTests.swift */; };
		F7D2786A26D539DE00C0E7DB /* ILostMyPhoneBrianVUITests.swift in Sources */ = {isa = PBXBuildFile; fileRef = F7D2786926D539DE00C0E7DB /* ILostMyPhoneBrianVUITests.swift */; };
/* End PBXBuildFile section */

/* Begin PBXContainerItemProxy section */
		F7D2785B26D539DE00C0E7DB /* PBXContainerItemProxy */ = {
			isa = PBXContainerItemProxy;
			containerPortal = F7D2783C26D539DD00C0E7DB /* Project object */;
			proxyType = 1;
			remoteGlobalIDString = F7D2784326D539DD00C0E7DB;
			remoteInfo = ILostMyPhoneBrianV;
		};
		F7D2786626D539DE00C0E7DB /* PBXContainerItemProxy */ = {
			isa = PBXContainerItemProxy;
			containerPortal = F7D2783C26D539DD00C0E7DB /* Project object */;
			proxyType = 1;
			remoteGlobalIDString = F7D2784326D539DD00C0E7DB;
			remoteInfo = ILostMyPhoneBrianV;
		};
/* End PBXContainerItemProxy section */

/* Begin PBXFileReference section */
		F7D2784426D539DD00C0E7DB /* ILostMyPhoneBrianV.app */ = {isa = PBXFileReference; explicitFileType = wrapper.application; includeInIndex = 0; path = ILostMyPhoneBrianV.app; sourceTree = BUILT_PRODUCTS_DIR; };
		F7D2784726D539DD00C0E7DB /* AppDelegate.swift */ = {isa = PBXFileReference; lastKnownFileType = sourcecode.swift; path = AppDelegate.swift; sourceTree = "<group>"; };
		F7D2784926D539DD00C0E7DB /* SceneDelegate.swift */ = {isa = PBXFileReference; lastKnownFileType = sourcecode.swift; path = SceneDelegate.swift; sourceTree = "<group>"; };
		F7D2784B26D539DD00C0E7DB /* ViewController.swift */ = {isa = PBXFileReference; lastKnownFileType = sourcecode.swift; path = ViewController.swift; sourceTree = "<group>"; };
		F7D2784E26D539DD00C0E7DB /* Base */ = {isa = PBXFileReference; lastKnownFileType = file.storyboard; name = Base; path = Base.lproj/Main.storyboard; sourceTree = "<group>"; };
		F7D2785026D539DE00C0E7DB /* Assets.xcassets */ = {isa = PBXFileReference; lastKnownFileType = folder.assetcatalog; path = Assets.xcassets; sourceTree = "<group>"; };
		F7D2785326D539DE00C0E7DB /* Base */ = {isa = PBXFileReference; lastKnownFileType = file.storyboard; name = Base; path = Base.lproj/LaunchScreen.storyboard; sourceTree = "<group>"; };
		F7D2785526D539DE00C0E7DB /* Info.plist */ = {isa = PBXFileReference; lastKnownFileType = text.plist.xml; path = Info.plist; sourceTree = "<group>"; };
		F7D2785A26D539DE00C0E7DB /* ILostMyPhoneBrianVTests.xctest */ = {isa = PBXFileReference; explicitFileType = wrapper.cfbundle; includeInIndex = 0; path = ILostMyPhoneBrianVTests.xctest; sourceTree = BUILT_PRODUCTS_DIR; };
		F7D2785E26D539DE00C0E7DB /* ILostMyPhoneBrianVTests.swift */ = {isa = PBXFileReference; lastKnownFileType = sourcecode.swift; path = ILostMyPhoneBrianVTests.swift; sourceTree = "<group>"; };
		F7D2786026D539DE00C0E7DB /* Info.plist */ = {isa = PBXFileReference; lastKnownFileType = text.plist.xml; path = Info.plist; sourceTree = "<group>"; };
		F7D2786526D539DE00C0E7DB /* ILostMyPhoneBrianVUITests.xctest */ = {isa = PBXFileReference; explicitFileType = wrapper.cfbundle; includeInIndex = 0; path = ILostMyPhoneBrianVUITests.xctest; sourceTree = BUILT_PRODUCTS_DIR; };
		F7D2786926D539DE00C0E7DB /* ILostMyPhoneBrianVUITests.swift */ = {isa = PBXFileReference; lastKnownFileType = sourcecode.swift; path = ILostMyPhoneBrianVUITests.swift; sourceTree = "<group>"; };
		F7D2786B26D539DE00C0E7DB /* Info.plist */ = {isa = PBXFileReference; lastKnownFileType = text.plist.xml; path = Info.plist; sourceTree = "<group>"; };
/* End PBXFileReference section */

/* Begin PBXFrameworksBuildPhase section */
		F7D2784126D539DD00C0E7DB /* Frameworks */ = {
			isa = PBXFrameworksBuildPhase;
			buildActionMask = 2147483647;
			files = (
			);
			runOnlyForDeploymentPostprocessing = 0;
		};
		F7D2785726D539DE00C0E7DB /* Frameworks */ = {
			isa = PBXFrameworksBuildPhase;
			buildActionMask = 2147483647;
			files = (
			);
			runOnlyForDeploymentPostprocessing = 0;
		};
		F7D2786226D539DE00C0E7DB /* Frameworks */ = {
			isa = PBXFrameworksBuildPhase;
			buildActionMask = 2147483647;
			files = (
			);
			runOnlyForDeploymentPostprocessing = 0;
		};
/* End PBXFrameworksBuildPhase section */

/* Begin PBXGroup section */
		F7D2783B26D539DD00C0E7DB = {
			isa = PBXGroup;
			children = (
				F7D2784626D539DD00C0E7DB /* ILostMyPhoneBrianV */,
				F7D2785D26D539DE00C0E7DB /* ILostMyPhoneBrianVTests */,
				F7D2786826D539DE00C0E7DB /* ILostMyPhoneBrianVUITests */,
				F7D2784526D539DD00C0E7DB /* Products */,
			);
			sourceTree = "<group>";
		};
		F7D2784526D539DD00C0E7DB /* Products */ = {
			isa = PBXGroup;
			children = (
				F7D2784426D539DD00C0E7DB /* ILostMyPhoneBrianV.app */,
				F7D2785A26D539DE00C0E7DB /* ILostMyPhoneBrianVTests.xctest */,
				F7D2786526D539DE00C0E7DB /* ILostMyPhoneBrianVUITests.xctest */,
			);
			name = Products;
			sourceTree = "<group>";
		};
		F7D2784626D539DD00C0E7DB /* ILostMyPhoneBrianV */ = {
			isa = PBXGroup;
			children = (
				F7D2784726D539DD00C0E7DB /* AppDelegate.swift */,
				F7D2784926D539DD00C0E7DB /* SceneDelegate.swift */,
				F7D2784B26D539DD00C0E7DB /* ViewController.swift */,
				F7D2784D26D539DD00C0E7DB /* Main.storyboard */,
				F7D2785026D539DE00C0E7DB /* Assets.xcassets */,
				F7D2785226D539DE00C0E7DB /* LaunchScreen.storyboard */,
				F7D2785526D539DE00C0E7DB /* Info.plist */,
			);
			path = ILostMyPhoneBrianV;
			sourceTree = "<group>";
		};
		F7D2785D26D539DE00C0E7DB /* ILostMyPhoneBrianVTests */ = {
			isa = PBXGroup;
			children = (
				F7D2785E26D539DE00C0E7DB /* ILostMyPhoneBrianVTests.swift */,
				F7D2786026D539DE00C0E7DB /* Info.plist */,
			);
			path = ILostMyPhoneBrianVTests;
			sourceTree = "<group>";
		};
		F7D2786826D539DE00C0E7DB /* ILostMyPhoneBrianVUITests */ = {
			isa = PBXGroup;
			children = (
				F7D2786926D539DE00C0E7DB /* ILostMyPhoneBrianVUITests.swift */,
				F7D2786B26D539DE00C0E7DB /* Info.plist */,
			);
			path = ILostMyPhoneBrianVUITests;
			sourceTree = "<group>";
		};
/* End PBXGroup section */

/* Begin PBXNativeTarget section */
		F7D2784326D539DD00C0E7DB /* ILostMyPhoneBrianV */ = {
			isa = PBXNativeTarget;
			buildConfigurationList = F7D2786E26D539DE00C0E7DB /* Build configuration list for PBXNativeTarget "ILostMyPhoneBrianV" */;
			buildPhases = (
				F7D2784026D539DD00C0E7DB /* Sources */,
				F7D2784126D539DD00C0E7DB /* Frameworks */,
				F7D2784226D539DD00C0E7DB /* Resources */,
			);
			buildRules = (
			);
			dependencies = (
			);
			name = ILostMyPhoneBrianV;
			productName = ILostMyPhoneBrianV;
			productReference = F7D2784426D539DD00C0E7DB /* ILostMyPhoneBrianV.app */;
			productType = "com.apple.product-type.application";
		};
		F7D2785926D539DE00C0E7DB /* ILostMyPhoneBrianVTests */ = {
			isa = PBXNativeTarget;
			buildConfigurationList = F7D2787126D539DE00C0E7DB /* Build configuration list for PBXNativeTarget "ILostMyPhoneBrianVTests" */;
			buildPhases = (
				F7D2785626D539DE00C0E7DB /* Sources */,
				F7D2785726D539DE00C0E7DB /* Frameworks */,
				F7D2785826D539DE00C0E7DB /* Resources */,
			);
			buildRules = (
			);
			dependencies = (
				F7D2785C26D539DE00C0E7DB /* PBXTargetDependency */,
			);
			name = ILostMyPhoneBrianVTests;
			productName = ILostMyPhoneBrianVTests;
			productReference = F7D2785A26D539DE00C0E7DB /* ILostMyPhoneBrianVTests.xctest */;
			productType = "com.apple.product-type.bundle.unit-test";
		};
		F7D2786426D539DE00C0E7DB /* ILostMyPhoneBrianVUITests */ = {
			isa = PBXNativeTarget;
			buildConfigurationList = F7D2787426D539DE00C0E7DB /* Build configuration list for PBXNativeTarget "ILostMyPhoneBrianVUITests" */;
			buildPhases = (
				F7D2786126D539DE00C0E7DB /* Sources */,
				F7D2786226D539DE00C0E7DB /* Frameworks */,
				F7D2786326D539DE00C0E7DB /* Resources */,
			);
			buildRules = (
			);
			dependencies = (
				F7D2786726D539DE00C0E7DB /* PBXTargetDependency */,
			);
			name = ILostMyPhoneBrianVUITests;
			productName = ILostMyPhoneBrianVUITests;
			productReference = F7D2786526D539DE00C0E7DB /* ILostMyPhoneBrianVUITests.xctest */;
			productType = "com.apple.product-type.bundle.ui-testing";
		};
/* End PBXNativeTarget section */

/* Begin PBXProject section */
		F7D2783C26D539DD00C0E7DB /* Project object */ = {
			isa = PBXProject;
			attributes = {
				LastSwiftUpdateCheck = 1240;
				LastUpgradeCheck = 1240;
				TargetAttributes = {
					F7D2784326D539DD00C0E7DB = {
						CreatedOnToolsVersion = 12.4;
					};
					F7D2785926D539DE00C0E7DB = {
						CreatedOnToolsVersion = 12.4;
						TestTargetID = F7D2784326D539DD00C0E7DB;
					};
					F7D2786426D539DE00C0E7DB = {
						CreatedOnToolsVersion = 12.4;
						TestTargetID = F7D2784326D539DD00C0E7DB;
					};
				};
			};
			buildConfigurationList = F7D2783F26D539DD00C0E7DB /* Build configuration list for PBXProject "ILostMyPhoneBrianV" */;
			compatibilityVersion = "Xcode 9.3";
			developmentRegion = en;
			hasScannedForEncodings = 0;
			knownRegions = (
				en,
				Base,
			);
			mainGroup = F7D2783B26D539DD00C0E7DB;
			productRefGroup = F7D2784526D539DD00C0E7DB /* Products */;
			projectDirPath = "";
			projectRoot = "";
			targets = (
				F7D2784326D539DD00C0E7DB /* ILostMyPhoneBrianV */,
				F7D2785926D539DE00C0E7DB /* ILostMyPhoneBrianVTests */,
				F7D2786426D539DE00C0E7DB /* ILostMyPhoneBrianVUITests */,
			);
		};
/* End PBXProject section */

/* Begin PBXResourcesBuildPhase section */
		F7D2784226D539DD00C0E7DB /* Resources */ = {
			isa = PBXResourcesBuildPhase;
			buildActionMask = 2147483647;
			files = (
				F7D2785426D539DE00C0E7DB /* LaunchScreen.storyboard in Resources */,
				F7D2785126D539DE00C0E7DB /* Assets.xcassets in Resources */,
				F7D2784F26D539DD00C0E7DB /* Main.storyboard in Resources */,
			);
			runOnlyForDeploymentPostprocessing = 0;
		};
		F7D2785826D539DE00C0E7DB /* Resources */ = {
			isa = PBXResourcesBuildPhase;
			buildActionMask = 2147483647;
			files = (
			);
			runOnlyForDeploymentPostprocessing = 0;
		};
		F7D2786326D539DE00C0E7DB /* Resources */ = {
			isa = PBXResourcesBuildPhase;
			buildActionMask = 2147483647;
			files = (
			);
			runOnlyForDeploymentPostprocessing = 0;
		};
/* End PBXResourcesBuildPhase section */

/* Begin PBXSourcesBuildPhase section */
		F7D2784026D539DD00C0E7DB /* Sources */ = {
			isa = PBXSourcesBuildPhase;
			buildActionMask = 2147483647;
			files = (
				F7D2784C26D539DD00C0E7DB /* ViewController.swift in Sources */,
				F7D2784826D539DD00C0E7DB /* AppDelegate.swift in Sources */,
				F7D2784A26D539DD00C0E7DB /* SceneDelegate.swift in Sources */,
			);
			runOnlyForDeploymentPostprocessing = 0;
		};
		F7D2785626D539DE00C0E7DB /* Sources */ = {
			isa = PBXSourcesBuildPhase;
			buildActionMask = 2147483647;
			files = (
				F7D2785F26D539DE00C0E7DB /* ILostMyPhoneBrianVTests.swift in Sources */,
			);
			runOnlyForDeploymentPostprocessing = 0;
		};
		F7D2786126D539DE00C0E7DB /* Sources */ = {
			isa = PBXSourcesBuildPhase;
			buildActionMask = 2147483647;
			files = (
				F7D2786A26D539DE00C0E7DB /* ILostMyPhoneBrianVUITests.swift in Sources */,
			);
			runOnlyForDeploymentPostprocessing = 0;
		};
/* End PBXSourcesBuildPhase section */

/* Begin PBXTargetDependency section */
		F7D2785C26D539DE00C0E7DB /* PBXTargetDependency */ = {
			isa = PBXTargetDependency;
			target = F7D2784326D539DD00C0E7DB /* ILostMyPhoneBrianV */;
			targetProxy = F7D2785B26D539DE00C0E7DB /* PBXContainerItemProxy */;
		};
		F7D2786726D539DE00C0E7DB /* PBXTargetDependency */ = {
			isa = PBXTargetDependency;
			target = F7D2784326D539DD00C0E7DB /* ILostMyPhoneBrianV */;
			targetProxy = F7D2786626D539DE00C0E7DB /* PBXContainerItemProxy */;
		};
/* End PBXTargetDependency section */

/* Begin PBXVariantGroup section */
		F7D2784D26D539DD00C0E7DB /* Main.storyboard */ = {
			isa = PBXVariantGroup;
			children = (
				F7D2784E26D539DD00C0E7DB /* Base */,
			);
			name = Main.storyboard;
			sourceTree = "<group>";
		};
		F7D2785226D539DE00C0E7DB /* LaunchScreen.storyboard */ = {
			isa = PBXVariantGroup;
			children = (
				F7D2785326D539DE00C0E7DB /* Base */,
			);
			name = LaunchScreen.storyboard;
			sourceTree = "<group>";
		};
/* End PBXVariantGroup section */

/* Begin XCBuildConfiguration section */
		F7D2786C26D539DE00C0E7DB /* Debug */ = {
			isa = XCBuildConfiguration;
			buildSettings = {
				ALWAYS_SEARCH_USER_PATHS = NO;
				CLANG_ANALYZER_NONNULL = YES;
				CLANG_ANALYZER_NUMBER_OBJECT_CONVERSION = YES_AGGRESSIVE;
				CLANG_CXX_LANGUAGE_STANDARD = "gnu++14";
				CLANG_CXX_LIBRARY = "libc++";
				CLANG_ENABLE_MODULES = YES;
				CLANG_ENABLE_OBJC_ARC = YES;
				CLANG_ENABLE_OBJC_WEAK = YES;
				CLANG_WARN_BLOCK_CAPTURE_AUTORELEASING = YES;
				CLANG_WARN_BOOL_CONVERSION = YES;
				CLANG_WARN_COMMA = YES;
				CLANG_WARN_CONSTANT_CONVERSION = YES;
				CLANG_WARN_DEPRECATED_OBJC_IMPLEMENTATIONS = YES;
				CLANG_WARN_DIRECT_OBJC_ISA_USAGE = YES_ERROR;
				CLANG_WARN_DOCUMENTATION_COMMENTS = YES;
				CLANG_WARN_EMPTY_BODY = YES;
				CLANG_WARN_ENUM_CONVERSION = YES;
				CLANG_WARN_INFINITE_RECURSION = YES;
				CLANG_WARN_INT_CONVERSION = YES;
				CLANG_WARN_NON_LITERAL_NULL_CONVERSION = YES;
				CLANG_WARN_OBJC_IMPLICIT_RETAIN_SELF = YES;
				CLANG_WARN_OBJC_LITERAL_CONVERSION = YES;
				CLANG_WARN_OBJC_ROOT_CLASS = YES_ERROR;
				CLANG_WARN_QUOTED_INCLUDE_IN_FRAMEWORK_HEADER = YES;
				CLANG_WARN_RANGE_LOOP_ANALYSIS = YES;
				CLANG_WARN_STRICT_PROTOTYPES = YES;
				CLANG_WARN_SUSPICIOUS_MOVE = YES;
				CLANG_WARN_UNGUARDED_AVAILABILITY = YES_AGGRESSIVE;
				CLANG_WARN_UNREACHABLE_CODE = YES;
				CLANG_WARN__DUPLICATE_METHOD_MATCH = YES;
				COPY_PHASE_STRIP = NO;
				DEBUG_INFORMATION_FORMAT = dwarf;
				ENABLE_STRICT_OBJC_MSGSEND = YES;
				ENABLE_TESTABILITY = YES;
				GCC_C_LANGUAGE_STANDARD = gnu11;
				GCC_DYNAMIC_NO_PIC = NO;
				GCC_NO_COMMON_BLOCKS = YES;
				GCC_OPTIMIZATION_LEVEL = 0;
				GCC_PREPROCESSOR_DEFINITIONS = (
					"DEBUG=1",
					"$(inherited)",
				);
				GCC_WARN_64_TO_32_BIT_CONVERSION = YES;
				GCC_WARN_ABOUT_RETURN_TYPE = YES_ERROR;
				GCC_WARN_UNDECLARED_SELECTOR = YES;
				GCC_WARN_UNINITIALIZED_AUTOS = YES_AGGRESSIVE;
				GCC_WARN_UNUSED_FUNCTION = YES;
				GCC_WARN_UNUSED_VARIABLE = YES;
				IPHONEOS_DEPLOYMENT_TARGET = 14.4;
				MTL_ENABLE_DEBUG_INFO = INCLUDE_SOURCE;
				MTL_FAST_MATH = YES;
				ONLY_ACTIVE_ARCH = YES;
				SDKROOT = iphoneos;
				SWIFT_ACTIVE_COMPILATION_CONDITIONS = DEBUG;
				SWIFT_OPTIMIZATION_LEVEL = "-Onone";
			};
			name = Debug;
		};
		F7D2786D26D539DE00C0E7DB /* Release */ = {
			isa = XCBuildConfiguration;
			buildSettings = {
				ALWAYS_SEARCH_USER_PATHS = NO;
				CLANG_ANALYZER_NONNULL = YES;
				CLANG_ANALYZER_NUMBER_OBJECT_CONVERSION = YES_AGGRESSIVE;
				CLANG_CXX_LANGUAGE_STANDARD = "gnu++14";
				CLANG_CXX_LIBRARY = "libc++";
				CLANG_ENABLE_MODULES = YES;
				CLANG_ENABLE_OBJC_ARC = YES;
				CLANG_ENABLE_OBJC_WEAK = YES;
				CLANG_WARN_BLOCK_CAPTURE_AUTORELEASING = YES;
				CLANG_WARN_BOOL_CONVERSION = YES;
				CLANG_WARN_COMMA = YES;
				CLANG_WARN_CONSTANT_CONVERSION = YES;
				CLANG_WARN_DEPRECATED_OBJC_IMPLEMENTATIONS = YES;
				CLANG_WARN_DIRECT_OBJC_ISA_USAGE = YES_ERROR;
				CLANG_WARN_DOCUMENTATION_COMMENTS = YES;
				CLANG_WARN_EMPTY_BODY = YES;
				CLANG_WARN_ENUM_CONVERSION = YES;
				CLANG_WARN_INFINITE_RECURSION = YES;
				CLANG_WARN_INT_CONVERSION = YES;
				CLANG_WARN_NON_LITERAL_NULL_CONVERSION = YES;
				CLANG_WARN_OBJC_IMPLICIT_RETAIN_SELF = YES;
				CLANG_WARN_OBJC_LITERAL_CONVERSION = YES;
				CLANG_WARN_OBJC_ROOT_CLASS = YES_ERROR;
				CLANG_WARN_QUOTED_INCLUDE_IN_FRAMEWORK_HEADER = YES;
				CLANG_WARN_RANGE_LOOP_ANALYSIS = YES;
				CLANG_WARN_STRICT_PROTOTYPES = YES;
				CLANG_WARN_SUSPICIOUS_MOVE = YES;
				CLANG_WARN_UNGUARDED_AVAILABILITY = YES_AGGRESSIVE;
				CLANG_WARN_UNREACHABLE_CODE = YES;
				CLANG_WARN__DUPLICATE_METHOD_MATCH = YES;
				COPY_PHASE_STRIP = NO;
				DEBUG_INFORMATION_FORMAT = "dwarf-with-dsym";
				ENABLE_NS_ASSERTIONS = NO;
				ENABLE_STRICT_OBJC_MSGSEND = YES;
				GCC_C_LANGUAGE_STANDARD = gnu11;
				GCC_NO_COMMON_BLOCKS = YES;
				GCC_WARN_64_TO_32_BIT_CONVERSION = YES;
				GCC_WARN_ABOUT_RETURN_TYPE = YES_ERROR;
				GCC_WARN_UNDECLARED_SELECTOR = YES;
				GCC_WARN_UNINITIALIZED_AUTOS = YES_AGGRESSIVE;
				GCC_WARN_UNUSED_FUNCTION = YES;
				GCC_WARN_UNUSED_VARIABLE = YES;
				IPHONEOS_DEPLOYMENT_TARGET = 14.4;
				MTL_ENABLE_DEBUG_INFO = NO;
				MTL_FAST_MATH = YES;
				SDKROOT = iphoneos;
				SWIFT_COMPILATION_MODE = wholemodule;
				SWIFT_OPTIMIZATION_LEVEL = "-O";
				VALIDATE_PRODUCT = YES;
			};
			name = Release;
		};
		F7D2786F26D539DE00C0E7DB /* Debug */ = {
			isa = XCBuildConfiguration;
			buildSettings = {
				ASSETCATALOG_COMPILER_APPICON_NAME = AppIcon;
				ASSETCATALOG_COMPILER_GLOBAL_ACCENT_COLOR_NAME = AccentColor;
				CODE_SIGN_STYLE = Automatic;
				DEVELOPMENT_TEAM = SG7HHALT8U;
				INFOPLIST_FILE = ILostMyPhoneBrianV/Info.plist;
				LD_RUNPATH_SEARCH_PATHS = (
					"$(inherited)",
					"@executable_path/Frameworks",
				);
				PRODUCT_BUNDLE_IDENTIFIER = BrianVeitch.ILostMyPhoneBrianV;
				PRODUCT_NAME = "$(TARGET_NAME)";
				SWIFT_VERSION = 5.0;
				TARGETED_DEVICE_FAMILY = "1,2";
			};
			name = Debug;
		};
		F7D2787026D539DE00C0E7DB /* Release */ = {
			isa = XCBuildConfiguration;
			buildSettings = {
				ASSETCATALOG_COMPILER_APPICON_NAME = AppIcon;
				ASSETCATALOG_COMPILER_GLOBAL_ACCENT_COLOR_NAME = AccentColor;
				CODE_SIGN_STYLE = Automatic;
				DEVELOPMENT_TEAM = SG7HHALT8U;
				INFOPLIST_FILE = ILostMyPhoneBrianV/Info.plist;
				LD_RUNPATH_SEARCH_PATHS = (
					"$(inherited)",
					"@executable_path/Frameworks",
				);
				PRODUCT_BUNDLE_IDENTIFIER = BrianVeitch.ILostMyPhoneBrianV;
				PRODUCT_NAME = "$(TARGET_NAME)";
				SWIFT_VERSION = 5.0;
				TARGETED_DEVICE_FAMILY = "1,2";
			};
			name = Release;
		};
		F7D2787226D539DE00C0E7DB /* Debug */ = {
			isa = XCBuildConfiguration;
			buildSettings = {
				ALWAYS_EMBED_SWIFT_STANDARD_LIBRARIES = YES;
				BUNDLE_LOADER = "$(TEST_HOST)";
				CODE_SIGN_STYLE = Automatic;
				DEVELOPMENT_TEAM = SG7HHALT8U;
				INFOPLIST_FILE = ILostMyPhoneBrianVTests/Info.plist;
				IPHONEOS_DEPLOYMENT_TARGET = 14.4;
				LD_RUNPATH_SEARCH_PATHS = (
					"$(inherited)",
					"@executable_path/Frameworks",
					"@loader_path/Frameworks",
				);
				PRODUCT_BUNDLE_IDENTIFIER = BrianVeitch.ILostMyPhoneBrianVTests;
				PRODUCT_NAME = "$(TARGET_NAME)";
				SWIFT_VERSION = 5.0;
				TARGETED_DEVICE_FAMILY = "1,2";
				TEST_HOST = "$(BUILT_PRODUCTS_DIR)/ILostMyPhoneBrianV.app/ILostMyPhoneBrianV";
			};
			name = Debug;
		};
		F7D2787326D539DE00C0E7DB /* Release */ = {
			isa = XCBuildConfiguration;
			buildSettings = {
				ALWAYS_EMBED_SWIFT_STANDARD_LIBRARIES = YES;
				BUNDLE_LOADER = "$(TEST_HOST)";
				CODE_SIGN_STYLE = Automatic;
				DEVELOPMENT_TEAM = SG7HHALT8U;
				INFOPLIST_FILE = ILostMyPhoneBrianVTests/Info.plist;
				IPHONEOS_DEPLOYMENT_TARGET = 14.4;
				LD_RUNPATH_SEARCH_PATHS = (
					"$(inherited)",
					"@executable_path/Frameworks",
					"@loader_path/Frameworks",
				);
				PRODUCT_BUNDLE_IDENTIFIER = BrianVeitch.ILostMyPhoneBrianVTests;
				PRODUCT_NAME = "$(TARGET_NAME)";
				SWIFT_VERSION = 5.0;
				TARGETED_DEVICE_FAMILY = "1,2";
				TEST_HOST = "$(BUILT_PRODUCTS_DIR)/ILostMyPhoneBrianV.app/ILostMyPhoneBrianV";
			};
			name = Release;
		};
		F7D2787526D539DE00C0E7DB /* Debug */ = {
			isa = XCBuildConfiguration;
			buildSettings = {
				ALWAYS_EMBED_SWIFT_STANDARD_LIBRARIES = YES;
				CODE_SIGN_STYLE = Automatic;
				DEVELOPMENT_TEAM = SG7HHALT8U;
				INFOPLIST_FILE = ILostMyPhoneBrianVUITests/Info.plist;
				LD_RUNPATH_SEARCH_PATHS = (
					"$(inherited)",
					"@executable_path/Frameworks",
					"@loader_path/Frameworks",
				);
				PRODUCT_BUNDLE_IDENTIFIER = BrianVeitch.ILostMyPhoneBrianVUITests;
				PRODUCT_NAME = "$(TARGET_NAME)";
				SWIFT_VERSION = 5.0;
				TARGETED_DEVICE_FAMILY = "1,2";
				TEST_TARGET_NAME = ILostMyPhoneBrianV;
			};
			name = Debug;
		};
		F7D2787626D539DE00C0E7DB /* Release */ = {
			isa = XCBuildConfiguration;
			buildSettings = {
				ALWAYS_EMBED_SWIFT_STANDARD_LIBRARIES = YES;
				CODE_SIGN_STYLE = Automatic;
				DEVELOPMENT_TEAM = SG7HHALT8U;
				INFOPLIST_FILE = ILostMyPhoneBrianVUITests/Info.plist;
				LD_RUNPATH_SEARCH_PATHS = (
					"$(inherited)",
					"@executable_path/Frameworks",
					"@loader_path/Frameworks",
				);
				PRODUCT_BUNDLE_IDENTIFIER = BrianVeitch.ILostMyPhoneBrianVUITests;
				PRODUCT_NAME = "$(TARGET_NAME)";
				SWIFT_VERSION = 5.0;
				TARGETED_DEVICE_FAMILY = "1,2";
				TEST_TARGET_NAME = ILostMyPhoneBrianV;
			};
			name = Release;
		};
/* End XCBuildConfiguration section */

/* Begin XCConfigurationList section */
		F7D2783F26D539DD00C0E7DB /* Build configuration list for PBXProject "ILostMyPhoneBrianV" */ = {
			isa = XCConfigurationList;
			buildConfigurations = (
				F7D2786C26D539DE00C0E7DB /* Debug */,
				F7D2786D26D539DE00C0E7DB /* Release */,
			);
			defaultConfigurationIsVisible = 0;
			defaultConfigurationName = Release;
		};
		F7D2786E26D539DE00C0E7DB /* Build configuration list for PBXNativeTarget "ILostMyPhoneBrianV" */ = {
			isa = XCConfigurationList;
			buildConfigurations = (
				F7D2786F26D539DE00C0E7DB /* Debug */,
				F7D2787026D539DE00C0E7DB /* Release */,
			);
			defaultConfigurationIsVisible = 0;
			defaultConfigurationName = Release;
		};
		F7D2787126D539DE00C0E7DB /* Build configuration list for PBXNativeTarget "ILostMyPhoneBrianVTests" */ = {
			isa = XCConfigurationList;
			buildConfigurations = (
				F7D2787226D539DE00C0E7DB /* Debug */,
				F7D2787326D539DE00C0E7DB /* Release */,
			);
			defaultConfigurationIsVisible = 0;
			defaultConfigurationName = Release;
		};
		F7D2787426D539DE00C0E7DB /* Build configuration list for PBXNativeTarget "ILostMyPhoneBrianVUITests" */ = {
			isa = XCConfigurationList;
			buildConfigurations = (
				F7D2787526D539DE00C0E7DB /* Debug */,
				F7D2787626D539DE00C0E7DB /* Release */,
			);
			defaultConfigurationIsVisible = 0;
			defaultConfigurationName = Release;
		};
/* End XCConfigurationList section */
	};
	rootObject = F7D2783C26D539DD00C0E7DB /* Project object */;
}
