// !$*UTF8*$!
{
	archiveVersion = 1;
	classes = {
	};
	objectVersion = 50;
	objects = {

/* Begin PBXBuildFile section */
		F73C8661270114C400F21FB3 /* AppDelegate.swift in Sources */ = {isa = PBXBuildFile; fileRef = F73C8660270114C400F21FB3 /* AppDelegate.swift */; };
		F73C8663270114C400F21FB3 /* SceneDelegate.swift in Sources */ = {isa = PBXBuildFile; fileRef = F73C8662270114C400F21FB3 /* SceneDelegate.swift */; };
		F73C8665270114C400F21FB3 /* ViewController.swift in Sources */ = {isa = PBXBuildFile; fileRef = F73C8664270114C400F21FB3 /* ViewController.swift */; };
		F73C8668270114C400F21FB3 /* Main.storyboard in Resources */ = {isa = PBXBuildFile; fileRef = F73C8666270114C400F21FB3 /* Main.storyboard */; };
		F73C866A270114C400F21FB3 /* Assets.xcassets in Resources */ = {isa = PBXBuildFile; fileRef = F73C8669270114C400F21FB3 /* Assets.xcassets */; };
		F73C866D270114C400F21FB3 /* LaunchScreen.storyboard in Resources */ = {isa = PBXBuildFile; fileRef = F73C866B270114C400F21FB3 /* LaunchScreen.storyboard */; };
		F73C8678270114C400F21FB3 /* TableViewAppTests.swift in Sources */ = {isa = PBXBuildFile; fileRef = F73C8677270114C400F21FB3 /* TableViewAppTests.swift */; };
		F73C8683270114C400F21FB3 /* TableViewAppUITests.swift in Sources */ = {isa = PBXBuildFile; fileRef = F73C8682270114C400F21FB3 /* TableViewAppUITests.swift */; };
/* End PBXBuildFile section */

/* Begin PBXContainerItemProxy section */
		F73C8674270114C400F21FB3 /* PBXContainerItemProxy */ = {
			isa = PBXContainerItemProxy;
			containerPortal = F73C8655270114C400F21FB3 /* Project object */;
			proxyType = 1;
			remoteGlobalIDString = F73C865C270114C400F21FB3;
			remoteInfo = TableViewApp;
		};
		F73C867F270114C400F21FB3 /* PBXContainerItemProxy */ = {
			isa = PBXContainerItemProxy;
			containerPortal = F73C8655270114C400F21FB3 /* Project object */;
			proxyType = 1;
			remoteGlobalIDString = F73C865C270114C400F21FB3;
			remoteInfo = TableViewApp;
		};
/* End PBXContainerItemProxy section */

/* Begin PBXFileReference section */
		F73C865D270114C400F21FB3 /* TableViewApp.app */ = {isa = PBXFileReference; explicitFileType = wrapper.application; includeInIndex = 0; path = TableViewApp.app; sourceTree = BUILT_PRODUCTS_DIR; };
		F73C8660270114C400F21FB3 /* AppDelegate.swift */ = {isa = PBXFileReference; lastKnownFileType = sourcecode.swift; path = AppDelegate.swift; sourceTree = "<group>"; };
		F73C8662270114C400F21FB3 /* SceneDelegate.swift */ = {isa = PBXFileReference; lastKnownFileType = sourcecode.swift; path = SceneDelegate.swift; sourceTree = "<group>"; };
		F73C8664270114C400F21FB3 /* ViewController.swift */ = {isa = PBXFileReference; lastKnownFileType = sourcecode.swift; path = ViewController.swift; sourceTree = "<group>"; };
		F73C8667270114C400F21FB3 /* Base */ = {isa = PBXFileReference; lastKnownFileType = file.storyboard; name = Base; path = Base.lproj/Main.storyboard; sourceTree = "<group>"; };
		F73C8669270114C400F21FB3 /* Assets.xcassets */ = {isa = PBXFileReference; lastKnownFileType = folder.assetcatalog; path = Assets.xcassets; sourceTree = "<group>"; };
		F73C866C270114C400F21FB3 /* Base */ = {isa = PBXFileReference; lastKnownFileType = file.storyboard; name = Base; path = Base.lproj/LaunchScreen.storyboard; sourceTree = "<group>"; };
		F73C866E270114C400F21FB3 /* Info.plist */ = {isa = PBXFileReference; lastKnownFileType = text.plist.xml; path = Info.plist; sourceTree = "<group>"; };
		F73C8673270114C400F21FB3 /* TableViewAppTests.xctest */ = {isa = PBXFileReference; explicitFileType = wrapper.cfbundle; includeInIndex = 0; path = TableViewAppTests.xctest; sourceTree = BUILT_PRODUCTS_DIR; };
		F73C8677270114C400F21FB3 /* TableViewAppTests.swift */ = {isa = PBXFileReference; lastKnownFileType = sourcecode.swift; path = TableViewAppTests.swift; sourceTree = "<group>"; };
		F73C8679270114C400F21FB3 /* Info.plist */ = {isa = PBXFileReference; lastKnownFileType = text.plist.xml; path = Info.plist; sourceTree = "<group>"; };
		F73C867E270114C400F21FB3 /* TableViewAppUITests.xctest */ = {isa = PBXFileReference; explicitFileType = wrapper.cfbundle; includeInIndex = 0; path = TableViewAppUITests.xctest; sourceTree = BUILT_PRODUCTS_DIR; };
		F73C8682270114C400F21FB3 /* TableViewAppUITests.swift */ = {isa = PBXFileReference; lastKnownFileType = sourcecode.swift; path = TableViewAppUITests.swift; sourceTree = "<group>"; };
		F73C8684270114C400F21FB3 /* Info.plist */ = {isa = PBXFileReference; lastKnownFileType = text.plist.xml; path = Info.plist; sourceTree = "<group>"; };
/* End PBXFileReference section */

/* Begin PBXFrameworksBuildPhase section */
		F73C865A270114C400F21FB3 /* Frameworks */ = {
			isa = PBXFrameworksBuildPhase;
			buildActionMask = 2147483647;
			files = (
			);
			runOnlyForDeploymentPostprocessing = 0;
		};
		F73C8670270114C400F21FB3 /* Frameworks */ = {
			isa = PBXFrameworksBuildPhase;
			buildActionMask = 2147483647;
			files = (
			);
			runOnlyForDeploymentPostprocessing = 0;
		};
		F73C867B270114C400F21FB3 /* Frameworks */ = {
			isa = PBXFrameworksBuildPhase;
			buildActionMask = 2147483647;
			files = (
			);
			runOnlyForDeploymentPostprocessing = 0;
		};
/* End PBXFrameworksBuildPhase section */

/* Begin PBXGroup section */
		F73C8654270114C400F21FB3 = {
			isa = PBXGroup;
			children = (
				F73C865F270114C400F21FB3 /* TableViewApp */,
				F73C8676270114C400F21FB3 /* TableViewAppTests */,
				F73C8681270114C400F21FB3 /* TableViewAppUITests */,
				F73C865E270114C400F21FB3 /* Products */,
			);
			sourceTree = "<group>";
		};
		F73C865E270114C400F21FB3 /* Products */ = {
			isa = PBXGroup;
			children = (
				F73C865D270114C400F21FB3 /* TableViewApp.app */,
				F73C8673270114C400F21FB3 /* TableViewAppTests.xctest */,
				F73C867E270114C400F21FB3 /* TableViewAppUITests.xctest */,
			);
			name = Products;
			sourceTree = "<group>";
		};
		F73C865F270114C400F21FB3 /* TableViewApp */ = {
			isa = PBXGroup;
			children = (
				F73C8660270114C400F21FB3 /* AppDelegate.swift */,
				F73C8662270114C400F21FB3 /* SceneDelegate.swift */,
				F73C8664270114C400F21FB3 /* ViewController.swift */,
				F73C8666270114C400F21FB3 /* Main.storyboard */,
				F73C8669270114C400F21FB3 /* Assets.xcassets */,
				F73C866B270114C400F21FB3 /* LaunchScreen.storyboard */,
				F73C866E270114C400F21FB3 /* Info.plist */,
			);
			path = TableViewApp;
			sourceTree = "<group>";
		};
		F73C8676270114C400F21FB3 /* TableViewAppTests */ = {
			isa = PBXGroup;
			children = (
				F73C8677270114C400F21FB3 /* TableViewAppTests.swift */,
				F73C8679270114C400F21FB3 /* Info.plist */,
			);
			path = TableViewAppTests;
			sourceTree = "<group>";
		};
		F73C8681270114C400F21FB3 /* TableViewAppUITests */ = {
			isa = PBXGroup;
			children = (
				F73C8682270114C400F21FB3 /* TableViewAppUITests.swift */,
				F73C8684270114C400F21FB3 /* Info.plist */,
			);
			path = TableViewAppUITests;
			sourceTree = "<group>";
		};
/* End PBXGroup section */

/* Begin PBXNativeTarget section */
		F73C865C270114C400F21FB3 /* TableViewApp */ = {
			isa = PBXNativeTarget;
			buildConfigurationList = F73C8687270114C400F21FB3 /* Build configuration list for PBXNativeTarget "TableViewApp" */;
			buildPhases = (
				F73C8659270114C400F21FB3 /* Sources */,
				F73C865A270114C400F21FB3 /* Frameworks */,
				F73C865B270114C400F21FB3 /* Resources */,
			);
			buildRules = (
			);
			dependencies = (
			);
			name = TableViewApp;
			productName = TableViewApp;
			productReference = F73C865D270114C400F21FB3 /* TableViewApp.app */;
			productType = "com.apple.product-type.application";
		};
		F73C8672270114C400F21FB3 /* TableViewAppTests */ = {
			isa = PBXNativeTarget;
			buildConfigurationList = F73C868A270114C400F21FB3 /* Build configuration list for PBXNativeTarget "TableViewAppTests" */;
			buildPhases = (
				F73C866F270114C400F21FB3 /* Sources */,
				F73C8670270114C400F21FB3 /* Frameworks */,
				F73C8671270114C400F21FB3 /* Resources */,
			);
			buildRules = (
			);
			dependencies = (
				F73C8675270114C400F21FB3 /* PBXTargetDependency */,
			);
			name = TableViewAppTests;
			productName = TableViewAppTests;
			productReference = F73C8673270114C400F21FB3 /* TableViewAppTests.xctest */;
			productType = "com.apple.product-type.bundle.unit-test";
		};
		F73C867D270114C400F21FB3 /* TableViewAppUITests */ = {
			isa = PBXNativeTarget;
			buildConfigurationList = F73C868D270114C400F21FB3 /* Build configuration list for PBXNativeTarget "TableViewAppUITests" */;
			buildPhases = (
				F73C867A270114C400F21FB3 /* Sources */,
				F73C867B270114C400F21FB3 /* Frameworks */,
				F73C867C270114C400F21FB3 /* Resources */,
			);
			buildRules = (
			);
			dependencies = (
				F73C8680270114C400F21FB3 /* PBXTargetDependency */,
			);
			name = TableViewAppUITests;
			productName = TableViewAppUITests;
			productReference = F73C867E270114C400F21FB3 /* TableViewAppUITests.xctest */;
			productType = "com.apple.product-type.bundle.ui-testing";
		};
/* End PBXNativeTarget section */

/* Begin PBXProject section */
		F73C8655270114C400F21FB3 /* Project object */ = {
			isa = PBXProject;
			attributes = {
				LastSwiftUpdateCheck = 1250;
				LastUpgradeCheck = 1250;
				TargetAttributes = {
					F73C865C270114C400F21FB3 = {
						CreatedOnToolsVersion = 12.5.1;
					};
					F73C8672270114C400F21FB3 = {
						CreatedOnToolsVersion = 12.5.1;
						TestTargetID = F73C865C270114C400F21FB3;
					};
					F73C867D270114C400F21FB3 = {
						CreatedOnToolsVersion = 12.5.1;
						TestTargetID = F73C865C270114C400F21FB3;
					};
				};
			};
			buildConfigurationList = F73C8658270114C400F21FB3 /* Build configuration list for PBXProject "TableViewApp" */;
			compatibilityVersion = "Xcode 9.3";
			developmentRegion = en;
			hasScannedForEncodings = 0;
			knownRegions = (
				en,
				Base,
			);
			mainGroup = F73C8654270114C400F21FB3;
			productRefGroup = F73C865E270114C400F21FB3 /* Products */;
			projectDirPath = "";
			projectRoot = "";
			targets = (
				F73C865C270114C400F21FB3 /* TableViewApp */,
				F73C8672270114C400F21FB3 /* TableViewAppTests */,
				F73C867D270114C400F21FB3 /* TableViewAppUITests */,
			);
		};
/* End PBXProject section */

/* Begin PBXResourcesBuildPhase section */
		F73C865B270114C400F21FB3 /* Resources */ = {
			isa = PBXResourcesBuildPhase;
			buildActionMask = 2147483647;
			files = (
				F73C866D270114C400F21FB3 /* LaunchScreen.storyboard in Resources */,
				F73C866A270114C400F21FB3 /* Assets.xcassets in Resources */,
				F73C8668270114C400F21FB3 /* Main.storyboard in Resources */,
			);
			runOnlyForDeploymentPostprocessing = 0;
		};
		F73C8671270114C400F21FB3 /* Resources */ = {
			isa = PBXResourcesBuildPhase;
			buildActionMask = 2147483647;
			files = (
			);
			runOnlyForDeploymentPostprocessing = 0;
		};
		F73C867C270114C400F21FB3 /* Resources */ = {
			isa = PBXResourcesBuildPhase;
			buildActionMask = 2147483647;
			files = (
			);
			runOnlyForDeploymentPostprocessing = 0;
		};
/* End PBXResourcesBuildPhase section */

/* Begin PBXSourcesBuildPhase section */
		F73C8659270114C400F21FB3 /* Sources */ = {
			isa = PBXSourcesBuildPhase;
			buildActionMask = 2147483647;
			files = (
				F73C8665270114C400F21FB3 /* ViewController.swift in Sources */,
				F73C8661270114C400F21FB3 /* AppDelegate.swift in Sources */,
				F73C8663270114C400F21FB3 /* SceneDelegate.swift in Sources */,
			);
			runOnlyForDeploymentPostprocessing = 0;
		};
		F73C866F270114C400F21FB3 /* Sources */ = {
			isa = PBXSourcesBuildPhase;
			buildActionMask = 2147483647;
			files = (
				F73C8678270114C400F21FB3 /* TableViewAppTests.swift in Sources */,
			);
			runOnlyForDeploymentPostprocessing = 0;
		};
		F73C867A270114C400F21FB3 /* Sources */ = {
			isa = PBXSourcesBuildPhase;
			buildActionMask = 2147483647;
			files = (
				F73C8683270114C400F21FB3 /* TableViewAppUITests.swift in Sources */,
			);
			runOnlyForDeploymentPostprocessing = 0;
		};
/* End PBXSourcesBuildPhase section */

/* Begin PBXTargetDependency section */
		F73C8675270114C400F21FB3 /* PBXTargetDependency */ = {
			isa = PBXTargetDependency;
			target = F73C865C270114C400F21FB3 /* TableViewApp */;
			targetProxy = F73C8674270114C400F21FB3 /* PBXContainerItemProxy */;
		};
		F73C8680270114C400F21FB3 /* PBXTargetDependency */ = {
			isa = PBXTargetDependency;
			target = F73C865C270114C400F21FB3 /* TableViewApp */;
			targetProxy = F73C867F270114C400F21FB3 /* PBXContainerItemProxy */;
		};
/* End PBXTargetDependency section */

/* Begin PBXVariantGroup section */
		F73C8666270114C400F21FB3 /* Main.storyboard */ = {
			isa = PBXVariantGroup;
			children = (
				F73C8667270114C400F21FB3 /* Base */,
			);
			name = Main.storyboard;
			sourceTree = "<group>";
		};
		F73C866B270114C400F21FB3 /* LaunchScreen.storyboard */ = {
			isa = PBXVariantGroup;
			children = (
				F73C866C270114C400F21FB3 /* Base */,
			);
			name = LaunchScreen.storyboard;
			sourceTree = "<group>";
		};
/* End PBXVariantGroup section */

/* Begin XCBuildConfiguration section */
		F73C8685270114C400F21FB3 /* Debug */ = {
			isa = XCBuildConfiguration;
			buildSettings = {
				ALWAYS_SEARCH_USER_PATHS = NO;
				CLANG_ANALYZER_NONNULL = YES;
				CLANG_ANALYZER_NUMBER_OBJECT_CONVERSION = YES_AGGRESSIVE;
				CLANG_CXX_LANGUAGE_STANDARD = "gnu++14";
				CLANG_CXX_LIBRARY = "libc++";
				CLANG_ENABLE_MODULES = YES;
				CLANG_ENABLE_OBJC_ARC = YES;
				CLANG_ENABLE_OBJC_WEAK = YES;
				CLANG_WARN_BLOCK_CAPTURE_AUTORELEASING = YES;
				CLANG_WARN_BOOL_CONVERSION = YES;
				CLANG_WARN_COMMA = YES;
				CLANG_WARN_CONSTANT_CONVERSION = YES;
				CLANG_WARN_DEPRECATED_OBJC_IMPLEMENTATIONS = YES;
				CLANG_WARN_DIRECT_OBJC_ISA_USAGE = YES_ERROR;
				CLANG_WARN_DOCUMENTATION_COMMENTS = YES;
				CLANG_WARN_EMPTY_BODY = YES;
				CLANG_WARN_ENUM_CONVERSION = YES;
				CLANG_WARN_INFINITE_RECURSION = YES;
				CLANG_WARN_INT_CONVERSION = YES;
				CLANG_WARN_NON_LITERAL_NULL_CONVERSION = YES;
				CLANG_WARN_OBJC_IMPLICIT_RETAIN_SELF = YES;
				CLANG_WARN_OBJC_LITERAL_CONVERSION = YES;
				CLANG_WARN_OBJC_ROOT_CLASS = YES_ERROR;
				CLANG_WARN_QUOTED_INCLUDE_IN_FRAMEWORK_HEADER = YES;
				CLANG_WARN_RANGE_LOOP_ANALYSIS = YES;
				CLANG_WARN_STRICT_PROTOTYPES = YES;
				CLANG_WARN_SUSPICIOUS_MOVE = YES;
				CLANG_WARN_UNGUARDED_AVAILABILITY = YES_AGGRESSIVE;
				CLANG_WARN_UNREACHABLE_CODE = YES;
				CLANG_WARN__DUPLICATE_METHOD_MATCH = YES;
				COPY_PHASE_STRIP = NO;
				DEBUG_INFORMATION_FORMAT = dwarf;
				ENABLE_STRICT_OBJC_MSGSEND = YES;
				ENABLE_TESTABILITY = YES;
				GCC_C_LANGUAGE_STANDARD = gnu11;
				GCC_DYNAMIC_NO_PIC = NO;
				GCC_NO_COMMON_BLOCKS = YES;
				GCC_OPTIMIZATION_LEVEL = 0;
				GCC_PREPROCESSOR_DEFINITIONS = (
					"DEBUG=1",
					"$(inherited)",
				);
				GCC_WARN_64_TO_32_BIT_CONVERSION = YES;
				GCC_WARN_ABOUT_RETURN_TYPE = YES_ERROR;
				GCC_WARN_UNDECLARED_SELECTOR = YES;
				GCC_WARN_UNINITIALIZED_AUTOS = YES_AGGRESSIVE;
				GCC_WARN_UNUSED_FUNCTION = YES;
				GCC_WARN_UNUSED_VARIABLE = YES;
				IPHONEOS_DEPLOYMENT_TARGET = 14.5;
				MTL_ENABLE_DEBUG_INFO = INCLUDE_SOURCE;
				MTL_FAST_MATH = YES;
				ONLY_ACTIVE_ARCH = YES;
				SDKROOT = iphoneos;
				SWIFT_ACTIVE_COMPILATION_CONDITIONS = DEBUG;
				SWIFT_OPTIMIZATION_LEVEL = "-Onone";
			};
			name = Debug;
		};
		F73C8686270114C400F21FB3 /* Release */ = {
			isa = XCBuildConfiguration;
			buildSettings = {
				ALWAYS_SEARCH_USER_PATHS = NO;
				CLANG_ANALYZER_NONNULL = YES;
				CLANG_ANALYZER_NUMBER_OBJECT_CONVERSION = YES_AGGRESSIVE;
				CLANG_CXX_LANGUAGE_STANDARD = "gnu++14";
				CLANG_CXX_LIBRARY = "libc++";
				CLANG_ENABLE_MODULES = YES;
				CLANG_ENABLE_OBJC_ARC = YES;
				CLANG_ENABLE_OBJC_WEAK = YES;
				CLANG_WARN_BLOCK_CAPTURE_AUTORELEASING = YES;
				CLANG_WARN_BOOL_CONVERSION = YES;
				CLANG_WARN_COMMA = YES;
				CLANG_WARN_CONSTANT_CONVERSION = YES;
				CLANG_WARN_DEPRECATED_OBJC_IMPLEMENTATIONS = YES;
				CLANG_WARN_DIRECT_OBJC_ISA_USAGE = YES_ERROR;
				CLANG_WARN_DOCUMENTATION_COMMENTS = YES;
				CLANG_WARN_EMPTY_BODY = YES;
				CLANG_WARN_ENUM_CONVERSION = YES;
				CLANG_WARN_INFINITE_RECURSION = YES;
				CLANG_WARN_INT_CONVERSION = YES;
				CLANG_WARN_NON_LITERAL_NULL_CONVERSION = YES;
				CLANG_WARN_OBJC_IMPLICIT_RETAIN_SELF = YES;
				CLANG_WARN_OBJC_LITERAL_CONVERSION = YES;
				CLANG_WARN_OBJC_ROOT_CLASS = YES_ERROR;
				CLANG_WARN_QUOTED_INCLUDE_IN_FRAMEWORK_HEADER = YES;
				CLANG_WARN_RANGE_LOOP_ANALYSIS = YES;
				CLANG_WARN_STRICT_PROTOTYPES = YES;
				CLANG_WARN_SUSPICIOUS_MOVE = YES;
				CLANG_WARN_UNGUARDED_AVAILABILITY = YES_AGGRESSIVE;
				CLANG_WARN_UNREACHABLE_CODE = YES;
				CLANG_WARN__DUPLICATE_METHOD_MATCH = YES;
				COPY_PHASE_STRIP = NO;
				DEBUG_INFORMATION_FORMAT = "dwarf-with-dsym";
				ENABLE_NS_ASSERTIONS = NO;
				ENABLE_STRICT_OBJC_MSGSEND = YES;
				GCC_C_LANGUAGE_STANDARD = gnu11;
				GCC_NO_COMMON_BLOCKS = YES;
				GCC_WARN_64_TO_32_BIT_CONVERSION = YES;
				GCC_WARN_ABOUT_RETURN_TYPE = YES_ERROR;
				GCC_WARN_UNDECLARED_SELECTOR = YES;
				GCC_WARN_UNINITIALIZED_AUTOS = YES_AGGRESSIVE;
				GCC_WARN_UNUSED_FUNCTION = YES;
				GCC_WARN_UNUSED_VARIABLE = YES;
				IPHONEOS_DEPLOYMENT_TARGET = 14.5;
				MTL_ENABLE_DEBUG_INFO = NO;
				MTL_FAST_MATH = YES;
				SDKROOT = iphoneos;
				SWIFT_COMPILATION_MODE = wholemodule;
				SWIFT_OPTIMIZATION_LEVEL = "-O";
				VALIDATE_PRODUCT = YES;
			};
			name = Release;
		};
		F73C8688270114C400F21FB3 /* Debug */ = {
			isa = XCBuildConfiguration;
			buildSettings = {
				ASSETCATALOG_COMPILER_APPICON_NAME = AppIcon;
				ASSETCATALOG_COMPILER_GLOBAL_ACCENT_COLOR_NAME = AccentColor;
				CODE_SIGN_STYLE = Automatic;
				DEVELOPMENT_TEAM = SG7HHALT8U;
				INFOPLIST_FILE = TableViewApp/Info.plist;
				LD_RUNPATH_SEARCH_PATHS = (
					"$(inherited)",
					"@executable_path/Frameworks",
				);
				PRODUCT_BUNDLE_IDENTIFIER = BrianVeitch.TableViewApp;
				PRODUCT_NAME = "$(TARGET_NAME)";
				SWIFT_VERSION = 5.0;
				TARGETED_DEVICE_FAMILY = "1,2";
			};
			name = Debug;
		};
		F73C8689270114C400F21FB3 /* Release */ = {
			isa = XCBuildConfiguration;
			buildSettings = {
				ASSETCATALOG_COMPILER_APPICON_NAME = AppIcon;
				ASSETCATALOG_COMPILER_GLOBAL_ACCENT_COLOR_NAME = AccentColor;
				CODE_SIGN_STYLE = Automatic;
				DEVELOPMENT_TEAM = SG7HHALT8U;
				INFOPLIST_FILE = TableViewApp/Info.plist;
				LD_RUNPATH_SEARCH_PATHS = (
					"$(inherited)",
					"@executable_path/Frameworks",
				);
				PRODUCT_BUNDLE_IDENTIFIER = BrianVeitch.TableViewApp;
				PRODUCT_NAME = "$(TARGET_NAME)";
				SWIFT_VERSION = 5.0;
				TARGETED_DEVICE_FAMILY = "1,2";
			};
			name = Release;
		};
		F73C868B270114C400F21FB3 /* Debug */ = {
			isa = XCBuildConfiguration;
			buildSettings = {
				ALWAYS_EMBED_SWIFT_STANDARD_LIBRARIES = YES;
				BUNDLE_LOADER = "$(TEST_HOST)";
				CODE_SIGN_STYLE = Automatic;
				DEVELOPMENT_TEAM = SG7HHALT8U;
				INFOPLIST_FILE = TableViewAppTests/Info.plist;
				IPHONEOS_DEPLOYMENT_TARGET = 14.5;
				LD_RUNPATH_SEARCH_PATHS = (
					"$(inherited)",
					"@executable_path/Frameworks",
					"@loader_path/Frameworks",
				);
				PRODUCT_BUNDLE_IDENTIFIER = BrianVeitch.TableViewAppTests;
				PRODUCT_NAME = "$(TARGET_NAME)";
				SWIFT_VERSION = 5.0;
				TARGETED_DEVICE_FAMILY = "1,2";
				TEST_HOST = "$(BUILT_PRODUCTS_DIR)/TableViewApp.app/TableViewApp";
			};
			name = Debug;
		};
		F73C868C270114C400F21FB3 /* Release */ = {
			isa = XCBuildConfiguration;
			buildSettings = {
				ALWAYS_EMBED_SWIFT_STANDARD_LIBRARIES = YES;
				BUNDLE_LOADER = "$(TEST_HOST)";
				CODE_SIGN_STYLE = Automatic;
				DEVELOPMENT_TEAM = SG7HHALT8U;
				INFOPLIST_FILE = TableViewAppTests/Info.plist;
				IPHONEOS_DEPLOYMENT_TARGET = 14.5;
				LD_RUNPATH_SEARCH_PATHS = (
					"$(inherited)",
					"@executable_path/Frameworks",
					"@loader_path/Frameworks",
				);
				PRODUCT_BUNDLE_IDENTIFIER = BrianVeitch.TableViewAppTests;
				PRODUCT_NAME = "$(TARGET_NAME)";
				SWIFT_VERSION = 5.0;
				TARGETED_DEVICE_FAMILY = "1,2";
				TEST_HOST = "$(BUILT_PRODUCTS_DIR)/TableViewApp.app/TableViewApp";
			};
			name = Release;
		};
		F73C868E270114C400F21FB3 /* Debug */ = {
			isa = XCBuildConfiguration;
			buildSettings = {
				ALWAYS_EMBED_SWIFT_STANDARD_LIBRARIES = YES;
				CODE_SIGN_STYLE = Automatic;
				DEVELOPMENT_TEAM = SG7HHALT8U;
				INFOPLIST_FILE = TableViewAppUITests/Info.plist;
				LD_RUNPATH_SEARCH_PATHS = (
					"$(inherited)",
					"@executable_path/Frameworks",
					"@loader_path/Frameworks",
				);
				PRODUCT_BUNDLE_IDENTIFIER = BrianVeitch.TableViewAppUITests;
				PRODUCT_NAME = "$(TARGET_NAME)";
				SWIFT_VERSION = 5.0;
				TARGETED_DEVICE_FAMILY = "1,2";
				TEST_TARGET_NAME = TableViewApp;
			};
			name = Debug;
		};
		F73C868F270114C400F21FB3 /* Release */ = {
			isa = XCBuildConfiguration;
			buildSettings = {
				ALWAYS_EMBED_SWIFT_STANDARD_LIBRARIES = YES;
				CODE_SIGN_STYLE = Automatic;
				DEVELOPMENT_TEAM = SG7HHALT8U;
				INFOPLIST_FILE = TableViewAppUITests/Info.plist;
				LD_RUNPATH_SEARCH_PATHS = (
					"$(inherited)",
					"@executable_path/Frameworks",
					"@loader_path/Frameworks",
				);
				PRODUCT_BUNDLE_IDENTIFIER = BrianVeitch.TableViewAppUITests;
				PRODUCT_NAME = "$(TARGET_NAME)";
				SWIFT_VERSION = 5.0;
				TARGETED_DEVICE_FAMILY = "1,2";
				TEST_TARGET_NAME = TableViewApp;
			};
			name = Release;
		};
/* End XCBuildConfiguration section */

/* Begin XCConfigurationList section */
		F73C8658270114C400F21FB3 /* Build configuration list for PBXProject "TableViewApp" */ = {
			isa = XCConfigurationList;
			buildConfigurations = (
				F73C8685270114C400F21FB3 /* Debug */,
				F73C8686270114C400F21FB3 /* Release */,
			);
			defaultConfigurationIsVisible = 0;
			defaultConfigurationName = Release;
		};
		F73C8687270114C400F21FB3 /* Build configuration list for PBXNativeTarget "TableViewApp" */ = {
			isa = XCConfigurationList;
			buildConfigurations = (
				F73C8688270114C400F21FB3 /* Debug */,
				F73C8689270114C400F21FB3 /* Release */,
			);
			defaultConfigurationIsVisible = 0;
			defaultConfigurationName = Release;
		};
		F73C868A270114C400F21FB3 /* Build configuration list for PBXNativeTarget "TableViewAppTests" */ = {
			isa = XCConfigurationList;
			buildConfigurations = (
				F73C868B270114C400F21FB3 /* Debug */,
				F73C868C270114C400F21FB3 /* Release */,
			);
			defaultConfigurationIsVisible = 0;
			defaultConfigurationName = Release;
		};
		F73C868D270114C400F21FB3 /* Build configuration list for PBXNativeTarget "TableViewAppUITests" */ = {
			isa = XCConfigurationList;
			buildConfigurations = (
				F73C868E270114C400F21FB3 /* Debug */,
				F73C868F270114C400F21FB3 /* Release */,
			);
			defaultConfigurationIsVisible = 0;
			defaultConfigurationName = Release;
		};
/* End XCConfigurationList section */
	};
	rootObject = F73C8655270114C400F21FB3 /* Project object */;
}
